PODS:
  - CocoaLumberjack/Core (3.6.1)
  - CocoaLumberjack/Swift (3.6.1):
    - CocoaLumberjack/Core
  - SwiftGen (6.1.0)

DEPENDENCIES:
  - CocoaLumberjack/Swift (~> 3.6)
  - SwiftGen (~> 6.0)

SPEC REPOS:
  trunk:
    - CocoaLumberjack
    - SwiftGen

SPEC CHECKSUMS:
  CocoaLumberjack: b17ae15142558d08bbacf69775fa10c4abbebcc9
  SwiftGen: f872ca75cbd17bf7103c17f13dcfa0d9a15667b0

PODFILE CHECKSUM: 7a3c52789f77f0e08fa1e0316c698ef932da3ce8

COCOAPODS: 1.8.3
