// !$*UTF8*$!
{
	archiveVersion = 1;
	classes = {
	};
	objectVersion = 51;
	objects = {

/* Begin PBXBuildFile section */
		011A8F8D23DDD2BF00C83627 /* APIClient.swift in Sources */ = {isa = PBXBuildFile; fileRef = 011A8F8C23DDD2BF00C83627 /* APIClient.swift */; };
		011A8F8F23DDD36900C83627 /* APIRequest.swift in Sources */ = {isa = PBXBuildFile; fileRef = 011A8F8E23DDD36900C83627 /* APIRequest.swift */; };
		011A8F9923DDDD8400C83627 /* MoviesAPIServiceTests.swift in Sources */ = {isa = PBXBuildFile; fileRef = 011A8F9823DDDD8400C83627 /* MoviesAPIServiceTests.swift */; };
		011A8F9B23DDDE4900C83627 /* APIResponse.swift in Sources */ = {isa = PBXBuildFile; fileRef = 011A8F9A23DDDE4900C83627 /* APIResponse.swift */; };
		011A8F9F23DDE2D600C83627 /* APIError.swift in Sources */ = {isa = PBXBuildFile; fileRef = 011A8F9E23DDE2D600C83627 /* APIError.swift */; };
		01433EAC23FB2E340003FA6E /* Pods_Notflix.framework in Frameworks */ = {isa = PBXBuildFile; fileRef = 7A6A8F8E21DD5F18BB5647A8 /* Pods_Notflix.framework */; };
		01433EAD23FB2E340003FA6E /* Pods_Notflix.framework in Embed Frameworks */ = {isa = PBXBuildFile; fileRef = 7A6A8F8E21DD5F18BB5647A8 /* Pods_Notflix.framework */; settings = {ATTRIBUTES = (CodeSignOnCopy, RemoveHeadersOnCopy, ); }; };
		01433EB823FC11590003FA6E /* MoviesFixtures.swift in Sources */ = {isa = PBXBuildFile; fileRef = 01433EB723FC11590003FA6E /* MoviesFixtures.swift */; };
		01433EBF240D99B80003FA6E /* TVShow.swift in Sources */ = {isa = PBXBuildFile; fileRef = 01433EBE240D99B80003FA6E /* TVShow.swift */; };
		01433ECA240D9E300003FA6E /* TVShowsAPIServiceTests.swift in Sources */ = {isa = PBXBuildFile; fileRef = 01433EC9240D9E300003FA6E /* TVShowsAPIServiceTests.swift */; };
		01433ECC240D9FAE0003FA6E /* TVShowsFixtures.swift in Sources */ = {isa = PBXBuildFile; fileRef = 01433ECB240D9FAE0003FA6E /* TVShowsFixtures.swift */; };
		01433ECE240DAB4E0003FA6E /* HomeView.swift in Sources */ = {isa = PBXBuildFile; fileRef = 01433ECD240DAB4E0003FA6E /* HomeView.swift */; };
		01433ED0240DAEA20003FA6E /* SearchView.swift in Sources */ = {isa = PBXBuildFile; fileRef = 01433ECF240DAEA20003FA6E /* SearchView.swift */; };
		01433ED2240DB0BF0003FA6E /* HorizontalTVShowsListView.swift in Sources */ = {isa = PBXBuildFile; fileRef = 01433ED1240DB0BF0003FA6E /* HorizontalTVShowsListView.swift */; };
		01433ED4240DB0CC0003FA6E /* HomeMoviesView.swift in Sources */ = {isa = PBXBuildFile; fileRef = 01433ED3240DB0CC0003FA6E /* HomeMoviesView.swift */; };
		01433ED6240E80A90003FA6E /* HorizontalTVShowsListViewModel.swift in Sources */ = {isa = PBXBuildFile; fileRef = 01433ED5240E80A90003FA6E /* HorizontalTVShowsListViewModel.swift */; };
		01433EE4240EF4FA0003FA6E /* AsyncImage.swift in Sources */ = {isa = PBXBuildFile; fileRef = 01433EE3240EF4FA0003FA6E /* AsyncImage.swift */; };
		01433EE6240EF6020003FA6E /* ActivityIndicator.swift in Sources */ = {isa = PBXBuildFile; fileRef = 01433EE5240EF6020003FA6E /* ActivityIndicator.swift */; };
		01433EEA240F00DF0003FA6E /* HTTPParameter.swift in Sources */ = {isa = PBXBuildFile; fileRef = 01433EE9240F00DF0003FA6E /* HTTPParameter.swift */; };
		0147588E241991FE0066864D /* APIEndpoints.swift in Sources */ = {isa = PBXBuildFile; fileRef = 0147588D241991FD0066864D /* APIEndpoints.swift */; };
		01475894241999120066864D /* APIEndpoints+Movies.swift in Sources */ = {isa = PBXBuildFile; fileRef = 01475893241999120066864D /* APIEndpoints+Movies.swift */; };
		014758962419991E0066864D /* APIEndpoints+TVShows.swift in Sources */ = {isa = PBXBuildFile; fileRef = 014758952419991E0066864D /* APIEndpoints+TVShows.swift */; };
		01475898241BA8E60066864D /* HomeTVShowsView.swift in Sources */ = {isa = PBXBuildFile; fileRef = 01475897241BA8E60066864D /* HomeTVShowsView.swift */; };
		01553B41234BCA550018CDF3 /* AppDelegate.swift in Sources */ = {isa = PBXBuildFile; fileRef = 01553B40234BCA550018CDF3 /* AppDelegate.swift */; };
		01553B43234BCA550018CDF3 /* SceneDelegate.swift in Sources */ = {isa = PBXBuildFile; fileRef = 01553B42234BCA550018CDF3 /* SceneDelegate.swift */; };
		01553B45234BCA550018CDF3 /* MainView.swift in Sources */ = {isa = PBXBuildFile; fileRef = 01553B44234BCA550018CDF3 /* MainView.swift */; };
		01553B47234BCA560018CDF3 /* Assets.xcassets in Resources */ = {isa = PBXBuildFile; fileRef = 01553B46234BCA560018CDF3 /* Assets.xcassets */; };
		01553B4A234BCA560018CDF3 /* Preview Assets.xcassets in Resources */ = {isa = PBXBuildFile; fileRef = 01553B49234BCA560018CDF3 /* Preview Assets.xcassets */; };
		01553B58234BCA560018CDF3 /* NotflixTests.swift in Sources */ = {isa = PBXBuildFile; fileRef = 01553B57234BCA560018CDF3 /* NotflixTests.swift */; };
		01553B6B234BCCA10018CDF3 /* Movie.swift in Sources */ = {isa = PBXBuildFile; fileRef = 01553B6A234BCCA10018CDF3 /* Movie.swift */; };
		01581667246C883200E36AB9 /* Strings.swift in Sources */ = {isa = PBXBuildFile; fileRef = 01581666246C883200E36AB9 /* Strings.swift */; };
		015A7488246D65E200147EB2 /* ShimmerView.swift in Sources */ = {isa = PBXBuildFile; fileRef = 015A7487246D65E200147EB2 /* ShimmerView.swift */; };
		015A748A246DACBB00147EB2 /* SplashscreenView.swift in Sources */ = {isa = PBXBuildFile; fileRef = 015A7489246DACBB00147EB2 /* SplashscreenView.swift */; };
		016215B5246EB78C0037B205 /* HomeMoviesViewModel.swift in Sources */ = {isa = PBXBuildFile; fileRef = 016215B4246EB78C0037B205 /* HomeMoviesViewModel.swift */; };
		016215B8246EBAB60037B205 /* MovieDetails.swift in Sources */ = {isa = PBXBuildFile; fileRef = 016215B7246EBAB60037B205 /* MovieDetails.swift */; };
		016215BA246EBAD70037B205 /* MovieDetailsViewModel.swift in Sources */ = {isa = PBXBuildFile; fileRef = 016215B9246EBAD70037B205 /* MovieDetailsViewModel.swift */; };
		01751D5B242397FF00B04BF4 /* TVShowDetails.swift in Sources */ = {isa = PBXBuildFile; fileRef = 01751D5A242397FF00B04BF4 /* TVShowDetails.swift */; };
		01751D5D2423992A00B04BF4 /* TVShowPosterImage.swift in Sources */ = {isa = PBXBuildFile; fileRef = 01751D5C2423992A00B04BF4 /* TVShowPosterImage.swift */; };
		01751D6224242BDD00B04BF4 /* MoviePosterImage.swift in Sources */ = {isa = PBXBuildFile; fileRef = 01751D6124242BDD00B04BF4 /* MoviePosterImage.swift */; };
		01751D6424242C7500B04BF4 /* MovieCell.swift in Sources */ = {isa = PBXBuildFile; fileRef = 01751D6324242C7500B04BF4 /* MovieCell.swift */; };
		01751D662424EDB500B04BF4 /* Genre.swift in Sources */ = {isa = PBXBuildFile; fileRef = 01751D652424EDB500B04BF4 /* Genre.swift */; };
		01751D682424F16000B04BF4 /* TVShowDetailsViewModel.swift in Sources */ = {isa = PBXBuildFile; fileRef = 01751D672424F16000B04BF4 /* TVShowDetailsViewModel.swift */; };
		018401AE241D22B300EBAB3A /* HorizontalMoviesListView.swift in Sources */ = {isa = PBXBuildFile; fileRef = 018401AD241D22B300EBAB3A /* HorizontalMoviesListView.swift */; };
		018401B0241D22D600EBAB3A /* HorizontalMoviesListViewModel.swift in Sources */ = {isa = PBXBuildFile; fileRef = 018401AF241D22D600EBAB3A /* HorizontalMoviesListViewModel.swift */; };
		018401B2241D2F3100EBAB3A /* TVShowCell.swift in Sources */ = {isa = PBXBuildFile; fileRef = 018401B1241D2F3100EBAB3A /* TVShowCell.swift */; };
		019284D32353AF3C00CDC83B /* ImageLoaderViewModel.swift in Sources */ = {isa = PBXBuildFile; fileRef = 019284D22353AF3C00CDC83B /* ImageLoaderViewModel.swift */; };
		019F49BE24696CF800040EB9 /* Episode.swift in Sources */ = {isa = PBXBuildFile; fileRef = 019F49BD24696CF800040EB9 /* Episode.swift */; };
		019F49C024696E0100040EB9 /* TVSeason.swift in Sources */ = {isa = PBXBuildFile; fileRef = 019F49BF24696E0100040EB9 /* TVSeason.swift */; };
		019F49C22469EC9C00040EB9 /* TVSeasonListViewModel.swift in Sources */ = {isa = PBXBuildFile; fileRef = 019F49C12469EC9C00040EB9 /* TVSeasonListViewModel.swift */; };
		019F49C42469F00E00040EB9 /* TVSeasonListView.swift in Sources */ = {isa = PBXBuildFile; fileRef = 019F49C32469F00E00040EB9 /* TVSeasonListView.swift */; };
		019F49C6246B2F7900040EB9 /* HomeTVShowsViewModel.swift in Sources */ = {isa = PBXBuildFile; fileRef = 019F49C5246B2F7800040EB9 /* HomeTVShowsViewModel.swift */; };
		01D00F85241E5F31007EA0B9 /* Color.swift in Sources */ = {isa = PBXBuildFile; fileRef = 01D00F84241E5F31007EA0B9 /* Color.swift */; };
		01D00F8D241EC869007EA0B9 /* Localizable.strings in Resources */ = {isa = PBXBuildFile; fileRef = 01D00F8B241EC869007EA0B9 /* Localizable.strings */; };
		D53D31EBDDB72BEABD2541FE /* Pods_NotflixTests.framework in Frameworks */ = {isa = PBXBuildFile; fileRef = 0AF47E95927B7892C0B22166 /* Pods_NotflixTests.framework */; };
/* End PBXBuildFile section */

/* Begin PBXContainerItemProxy section */
		01553B54234BCA560018CDF3 /* PBXContainerItemProxy */ = {
			isa = PBXContainerItemProxy;
			containerPortal = 01553B35234BCA550018CDF3 /* Project object */;
			proxyType = 1;
			remoteGlobalIDString = 01553B3C234BCA550018CDF3;
			remoteInfo = Notflix;
		};
/* End PBXContainerItemProxy section */

/* Begin PBXCopyFilesBuildPhase section */
		01433EAB23FB2E290003FA6E /* Embed Frameworks */ = {
			isa = PBXCopyFilesBuildPhase;
			buildActionMask = 2147483647;
			dstPath = "";
			dstSubfolderSpec = 10;
			files = (
				01433EAD23FB2E340003FA6E /* Pods_Notflix.framework in Embed Frameworks */,
			);
			name = "Embed Frameworks";
			runOnlyForDeploymentPostprocessing = 0;
		};
/* End PBXCopyFilesBuildPhase section */

/* Begin PBXFileReference section */
		011A8F8C23DDD2BF00C83627 /* APIClient.swift */ = {isa = PBXFileReference; lastKnownFileType = sourcecode.swift; path = APIClient.swift; sourceTree = "<group>"; };
		011A8F8E23DDD36900C83627 /* APIRequest.swift */ = {isa = PBXFileReference; lastKnownFileType = sourcecode.swift; path = APIRequest.swift; sourceTree = "<group>"; };
		011A8F9823DDDD8400C83627 /* MoviesAPIServiceTests.swift */ = {isa = PBXFileReference; lastKnownFileType = sourcecode.swift; path = MoviesAPIServiceTests.swift; sourceTree = "<group>"; };
		011A8F9A23DDDE4900C83627 /* APIResponse.swift */ = {isa = PBXFileReference; lastKnownFileType = sourcecode.swift; path = APIResponse.swift; sourceTree = "<group>"; };
		011A8F9E23DDE2D600C83627 /* APIError.swift */ = {isa = PBXFileReference; lastKnownFileType = sourcecode.swift; path = APIError.swift; sourceTree = "<group>"; };
		01433EA823FB2E290003FA6E /* CocoaLumberjack.framework */ = {isa = PBXFileReference; explicitFileType = wrapper.framework; path = CocoaLumberjack.framework; sourceTree = BUILT_PRODUCTS_DIR; };
		01433EB723FC11590003FA6E /* MoviesFixtures.swift */ = {isa = PBXFileReference; lastKnownFileType = sourcecode.swift; path = MoviesFixtures.swift; sourceTree = "<group>"; };
		01433EBE240D99B80003FA6E /* TVShow.swift */ = {isa = PBXFileReference; lastKnownFileType = sourcecode.swift; path = TVShow.swift; sourceTree = "<group>"; };
		01433EC9240D9E300003FA6E /* TVShowsAPIServiceTests.swift */ = {isa = PBXFileReference; lastKnownFileType = sourcecode.swift; path = TVShowsAPIServiceTests.swift; sourceTree = "<group>"; };
		01433ECB240D9FAE0003FA6E /* TVShowsFixtures.swift */ = {isa = PBXFileReference; lastKnownFileType = sourcecode.swift; path = TVShowsFixtures.swift; sourceTree = "<group>"; };
		01433ECD240DAB4E0003FA6E /* HomeView.swift */ = {isa = PBXFileReference; lastKnownFileType = sourcecode.swift; path = HomeView.swift; sourceTree = "<group>"; };
		01433ECF240DAEA20003FA6E /* SearchView.swift */ = {isa = PBXFileReference; lastKnownFileType = sourcecode.swift; path = SearchView.swift; sourceTree = "<group>"; };
		01433ED1240DB0BF0003FA6E /* HorizontalTVShowsListView.swift */ = {isa = PBXFileReference; lastKnownFileType = sourcecode.swift; path = HorizontalTVShowsListView.swift; sourceTree = "<group>"; };
		01433ED3240DB0CC0003FA6E /* HomeMoviesView.swift */ = {isa = PBXFileReference; lastKnownFileType = sourcecode.swift; path = HomeMoviesView.swift; sourceTree = "<group>"; };
		01433ED5240E80A90003FA6E /* HorizontalTVShowsListViewModel.swift */ = {isa = PBXFileReference; lastKnownFileType = sourcecode.swift; path = HorizontalTVShowsListViewModel.swift; sourceTree = "<group>"; };
		01433EE3240EF4FA0003FA6E /* AsyncImage.swift */ = {isa = PBXFileReference; lastKnownFileType = sourcecode.swift; path = AsyncImage.swift; sourceTree = "<group>"; };
		01433EE5240EF6020003FA6E /* ActivityIndicator.swift */ = {isa = PBXFileReference; lastKnownFileType = sourcecode.swift; path = ActivityIndicator.swift; sourceTree = "<group>"; };
		01433EE9240F00DF0003FA6E /* HTTPParameter.swift */ = {isa = PBXFileReference; fileEncoding = 4; lastKnownFileType = sourcecode.swift; path = HTTPParameter.swift; sourceTree = "<group>"; };
		0147588D241991FD0066864D /* APIEndpoints.swift */ = {isa = PBXFileReference; lastKnownFileType = sourcecode.swift; path = APIEndpoints.swift; sourceTree = "<group>"; };
		01475893241999120066864D /* APIEndpoints+Movies.swift */ = {isa = PBXFileReference; lastKnownFileType = sourcecode.swift; path = "APIEndpoints+Movies.swift"; sourceTree = "<group>"; };
		014758952419991E0066864D /* APIEndpoints+TVShows.swift */ = {isa = PBXFileReference; lastKnownFileType = sourcecode.swift; path = "APIEndpoints+TVShows.swift"; sourceTree = "<group>"; };
		01475897241BA8E60066864D /* HomeTVShowsView.swift */ = {isa = PBXFileReference; lastKnownFileType = sourcecode.swift; path = HomeTVShowsView.swift; sourceTree = "<group>"; };
		01553B3D234BCA550018CDF3 /* Notflix.app */ = {isa = PBXFileReference; explicitFileType = wrapper.application; includeInIndex = 0; path = Notflix.app; sourceTree = BUILT_PRODUCTS_DIR; };
		01553B40234BCA550018CDF3 /* AppDelegate.swift */ = {isa = PBXFileReference; lastKnownFileType = sourcecode.swift; path = AppDelegate.swift; sourceTree = "<group>"; };
		01553B42234BCA550018CDF3 /* SceneDelegate.swift */ = {isa = PBXFileReference; lastKnownFileType = sourcecode.swift; path = SceneDelegate.swift; sourceTree = "<group>"; };
		01553B44234BCA550018CDF3 /* MainView.swift */ = {isa = PBXFileReference; lastKnownFileType = sourcecode.swift; path = MainView.swift; sourceTree = "<group>"; };
		01553B46234BCA560018CDF3 /* Assets.xcassets */ = {isa = PBXFileReference; lastKnownFileType = folder.assetcatalog; path = Assets.xcassets; sourceTree = "<group>"; };
		01553B49234BCA560018CDF3 /* Preview Assets.xcassets */ = {isa = PBXFileReference; lastKnownFileType = folder.assetcatalog; path = "Preview Assets.xcassets"; sourceTree = "<group>"; };
		01553B4E234BCA560018CDF3 /* Info.plist */ = {isa = PBXFileReference; lastKnownFileType = text.plist.xml; name = Info.plist; path = ../Info.plist; sourceTree = "<group>"; };
		01553B53234BCA560018CDF3 /* NotflixTests.xctest */ = {isa = PBXFileReference; explicitFileType = wrapper.cfbundle; includeInIndex = 0; path = NotflixTests.xctest; sourceTree = BUILT_PRODUCTS_DIR; };
		01553B57234BCA560018CDF3 /* NotflixTests.swift */ = {isa = PBXFileReference; lastKnownFileType = sourcecode.swift; path = NotflixTests.swift; sourceTree = "<group>"; };
		01553B59234BCA560018CDF3 /* Info.plist */ = {isa = PBXFileReference; lastKnownFileType = text.plist.xml; path = Info.plist; sourceTree = "<group>"; };
		01553B6A234BCCA10018CDF3 /* Movie.swift */ = {isa = PBXFileReference; lastKnownFileType = sourcecode.swift; path = Movie.swift; sourceTree = "<group>"; };
		01581666246C883200E36AB9 /* Strings.swift */ = {isa = PBXFileReference; fileEncoding = 4; lastKnownFileType = sourcecode.swift; path = Strings.swift; sourceTree = "<group>"; };
		015A7487246D65E200147EB2 /* ShimmerView.swift */ = {isa = PBXFileReference; lastKnownFileType = sourcecode.swift; path = ShimmerView.swift; sourceTree = "<group>"; };
		015A7489246DACBB00147EB2 /* SplashscreenView.swift */ = {isa = PBXFileReference; lastKnownFileType = sourcecode.swift; path = SplashscreenView.swift; sourceTree = "<group>"; };
		016215B4246EB78C0037B205 /* HomeMoviesViewModel.swift */ = {isa = PBXFileReference; lastKnownFileType = sourcecode.swift; path = HomeMoviesViewModel.swift; sourceTree = "<group>"; };
		016215B7246EBAB60037B205 /* MovieDetails.swift */ = {isa = PBXFileReference; lastKnownFileType = sourcecode.swift; path = MovieDetails.swift; sourceTree = "<group>"; };
		016215B9246EBAD70037B205 /* MovieDetailsViewModel.swift */ = {isa = PBXFileReference; lastKnownFileType = sourcecode.swift; path = MovieDetailsViewModel.swift; sourceTree = "<group>"; };
		01751D5A242397FF00B04BF4 /* TVShowDetails.swift */ = {isa = PBXFileReference; lastKnownFileType = sourcecode.swift; path = TVShowDetails.swift; sourceTree = "<group>"; };
		01751D5C2423992A00B04BF4 /* TVShowPosterImage.swift */ = {isa = PBXFileReference; lastKnownFileType = sourcecode.swift; path = TVShowPosterImage.swift; sourceTree = "<group>"; };
		01751D6124242BDD00B04BF4 /* MoviePosterImage.swift */ = {isa = PBXFileReference; lastKnownFileType = sourcecode.swift; path = MoviePosterImage.swift; sourceTree = "<group>"; };
		01751D6324242C7500B04BF4 /* MovieCell.swift */ = {isa = PBXFileReference; lastKnownFileType = sourcecode.swift; path = MovieCell.swift; sourceTree = "<group>"; };
		01751D652424EDB500B04BF4 /* Genre.swift */ = {isa = PBXFileReference; lastKnownFileType = sourcecode.swift; path = Genre.swift; sourceTree = "<group>"; };
		01751D672424F16000B04BF4 /* TVShowDetailsViewModel.swift */ = {isa = PBXFileReference; lastKnownFileType = sourcecode.swift; path = TVShowDetailsViewModel.swift; sourceTree = "<group>"; };
		018401AD241D22B300EBAB3A /* HorizontalMoviesListView.swift */ = {isa = PBXFileReference; lastKnownFileType = sourcecode.swift; path = HorizontalMoviesListView.swift; sourceTree = "<group>"; };
		018401AF241D22D600EBAB3A /* HorizontalMoviesListViewModel.swift */ = {isa = PBXFileReference; lastKnownFileType = sourcecode.swift; path = HorizontalMoviesListViewModel.swift; sourceTree = "<group>"; };
		018401B1241D2F3100EBAB3A /* TVShowCell.swift */ = {isa = PBXFileReference; lastKnownFileType = sourcecode.swift; path = TVShowCell.swift; sourceTree = "<group>"; };
		019284D22353AF3C00CDC83B /* ImageLoaderViewModel.swift */ = {isa = PBXFileReference; lastKnownFileType = sourcecode.swift; path = ImageLoaderViewModel.swift; sourceTree = "<group>"; };
		019F49BD24696CF800040EB9 /* Episode.swift */ = {isa = PBXFileReference; lastKnownFileType = sourcecode.swift; path = Episode.swift; sourceTree = "<group>"; };
		019F49BF24696E0100040EB9 /* TVSeason.swift */ = {isa = PBXFileReference; lastKnownFileType = sourcecode.swift; path = TVSeason.swift; sourceTree = "<group>"; };
		019F49C12469EC9C00040EB9 /* TVSeasonListViewModel.swift */ = {isa = PBXFileReference; lastKnownFileType = sourcecode.swift; path = TVSeasonListViewModel.swift; sourceTree = "<group>"; };
		019F49C32469F00E00040EB9 /* TVSeasonListView.swift */ = {isa = PBXFileReference; lastKnownFileType = sourcecode.swift; path = TVSeasonListView.swift; sourceTree = "<group>"; };
		019F49C5246B2F7800040EB9 /* HomeTVShowsViewModel.swift */ = {isa = PBXFileReference; lastKnownFileType = sourcecode.swift; path = HomeTVShowsViewModel.swift; sourceTree = "<group>"; };
		01D00F84241E5F31007EA0B9 /* Color.swift */ = {isa = PBXFileReference; lastKnownFileType = sourcecode.swift; path = Color.swift; sourceTree = "<group>"; };
		01D00F8C241EC869007EA0B9 /* Base */ = {isa = PBXFileReference; lastKnownFileType = text.plist.strings; name = Base; path = Base.lproj/Localizable.strings; sourceTree = "<group>"; };
		04D1D423CACC272B32A65875 /* Pods-Notflix.release.xcconfig */ = {isa = PBXFileReference; includeInIndex = 1; lastKnownFileType = text.xcconfig; name = "Pods-Notflix.release.xcconfig"; path = "Target Support Files/Pods-Notflix/Pods-Notflix.release.xcconfig"; sourceTree = "<group>"; };
		0AF47E95927B7892C0B22166 /* Pods_NotflixTests.framework */ = {isa = PBXFileReference; explicitFileType = wrapper.framework; includeInIndex = 0; path = Pods_NotflixTests.framework; sourceTree = BUILT_PRODUCTS_DIR; };
		7A6A8F8E21DD5F18BB5647A8 /* Pods_Notflix.framework */ = {isa = PBXFileReference; explicitFileType = wrapper.framework; includeInIndex = 0; path = Pods_Notflix.framework; sourceTree = BUILT_PRODUCTS_DIR; };
		CE156E70727DE641742543C5 /* Pods-NotflixTests.debug.xcconfig */ = {isa = PBXFileReference; includeInIndex = 1; lastKnownFileType = text.xcconfig; name = "Pods-NotflixTests.debug.xcconfig"; path = "Target Support Files/Pods-NotflixTests/Pods-NotflixTests.debug.xcconfig"; sourceTree = "<group>"; };
		E2D249E0A4276D2291882587 /* Pods-NotflixTests.release.xcconfig */ = {isa = PBXFileReference; includeInIndex = 1; lastKnownFileType = text.xcconfig; name = "Pods-NotflixTests.release.xcconfig"; path = "Target Support Files/Pods-NotflixTests/Pods-NotflixTests.release.xcconfig"; sourceTree = "<group>"; };
		FF1D2348CB4817935D3A681C /* Pods-Notflix.debug.xcconfig */ = {isa = PBXFileReference; includeInIndex = 1; lastKnownFileType = text.xcconfig; name = "Pods-Notflix.debug.xcconfig"; path = "Target Support Files/Pods-Notflix/Pods-Notflix.debug.xcconfig"; sourceTree = "<group>"; };
/* End PBXFileReference section */

/* Begin PBXFrameworksBuildPhase section */
		01553B3A234BCA550018CDF3 /* Frameworks */ = {
			isa = PBXFrameworksBuildPhase;
			buildActionMask = 2147483647;
			files = (
				01433EAC23FB2E340003FA6E /* Pods_Notflix.framework in Frameworks */,
			);
			runOnlyForDeploymentPostprocessing = 0;
		};
		01553B50234BCA560018CDF3 /* Frameworks */ = {
			isa = PBXFrameworksBuildPhase;
			buildActionMask = 2147483647;
			files = (
				D53D31EBDDB72BEABD2541FE /* Pods_NotflixTests.framework in Frameworks */,
			);
			runOnlyForDeploymentPostprocessing = 0;
		};
/* End PBXFrameworksBuildPhase section */

/* Begin PBXGroup section */
		011A8F9723DDDD6500C83627 /* APIServiceTests */ = {
			isa = PBXGroup;
			children = (
				01433EB623FC11470003FA6E /* Fixtures */,
				011A8F9823DDDD8400C83627 /* MoviesAPIServiceTests.swift */,
				01433EC9240D9E300003FA6E /* TVShowsAPIServiceTests.swift */,
			);
			path = APIServiceTests;
			sourceTree = "<group>";
		};
		011A8FA023DDE2FA00C83627 /* APIService */ = {
			isa = PBXGroup;
			children = (
				011A8FA223DDE64700C83627 /* Utils */,
				011A8FA123DDE30500C83627 /* Requests */,
				011A8F8C23DDD2BF00C83627 /* APIClient.swift */,
				011A8F8E23DDD36900C83627 /* APIRequest.swift */,
				011A8F9A23DDDE4900C83627 /* APIResponse.swift */,
				011A8F9E23DDE2D600C83627 /* APIError.swift */,
			);
			path = APIService;
			sourceTree = "<group>";
		};
		011A8FA123DDE30500C83627 /* Requests */ = {
			isa = PBXGroup;
			children = (
				0147588D241991FD0066864D /* APIEndpoints.swift */,
				01475893241999120066864D /* APIEndpoints+Movies.swift */,
				014758952419991E0066864D /* APIEndpoints+TVShows.swift */,
			);
			path = Requests;
			sourceTree = "<group>";
		};
		011A8FA223DDE64700C83627 /* Utils */ = {
			isa = PBXGroup;
			children = (
				01433EE9240F00DF0003FA6E /* HTTPParameter.swift */,
			);
			path = Utils;
			sourceTree = "<group>";
		};
		01433EB623FC11470003FA6E /* Fixtures */ = {
			isa = PBXGroup;
			children = (
				01433EB723FC11590003FA6E /* MoviesFixtures.swift */,
				01433ECB240D9FAE0003FA6E /* TVShowsFixtures.swift */,
			);
			path = Fixtures;
			sourceTree = "<group>";
		};
		01553B34234BCA550018CDF3 = {
			isa = PBXGroup;
			children = (
				01553B3F234BCA550018CDF3 /* Notflix */,
				01553B56234BCA560018CDF3 /* NotflixTests */,
				01553B3E234BCA550018CDF3 /* Products */,
				E090A631A716B097AD363D5F /* Frameworks */,
				825604DA7F3C4CED346C1B6C /* Pods */,
			);
			sourceTree = "<group>";
		};
		01553B3E234BCA550018CDF3 /* Products */ = {
			isa = PBXGroup;
			children = (
				01553B3D234BCA550018CDF3 /* Notflix.app */,
				01553B53234BCA560018CDF3 /* NotflixTests.xctest */,
			);
			name = Products;
			sourceTree = "<group>";
		};
		01553B3F234BCA550018CDF3 /* Notflix */ = {
			isa = PBXGroup;
			children = (
				01553B63234BCA650018CDF3 /* Resources */,
				01553B62234BCA610018CDF3 /* Sources */,
				01553B48234BCA560018CDF3 /* Preview Content */,
			);
			path = Notflix;
			sourceTree = "<group>";
		};
		01553B48234BCA560018CDF3 /* Preview Content */ = {
			isa = PBXGroup;
			children = (
				01553B49234BCA560018CDF3 /* Preview Assets.xcassets */,
			);
			path = "Preview Content";
			sourceTree = "<group>";
		};
		01553B56234BCA560018CDF3 /* NotflixTests */ = {
			isa = PBXGroup;
			children = (
				011A8F9723DDDD6500C83627 /* APIServiceTests */,
				01553B57234BCA560018CDF3 /* NotflixTests.swift */,
				01553B59234BCA560018CDF3 /* Info.plist */,
			);
			path = NotflixTests;
			sourceTree = "<group>";
		};
		01553B62234BCA610018CDF3 /* Sources */ = {
			isa = PBXGroup;
			children = (
				018B00BA246C8764004ED73A /* Generated */,
				01C9C34D234D2C8100A4C70B /* View Models */,
				01A1F9F82374A97800E734E6 /* Views */,
				016122AB234E024F00AEF6E9 /* Extensions */,
				01553B69234BCC960018CDF3 /* Entities */,
				01553B66234BCBA50018CDF3 /* Services */,
				01553B64234BCA7A0018CDF3 /* App */,
			);
			path = Sources;
			sourceTree = "<group>";
		};
		01553B63234BCA650018CDF3 /* Resources */ = {
			isa = PBXGroup;
			children = (
				01553B46234BCA560018CDF3 /* Assets.xcassets */,
				01D00F8B241EC869007EA0B9 /* Localizable.strings */,
				01553B4E234BCA560018CDF3 /* Info.plist */,
			);
			path = Resources;
			sourceTree = "<group>";
		};
		01553B64234BCA7A0018CDF3 /* App */ = {
			isa = PBXGroup;
			children = (
				01553B40234BCA550018CDF3 /* AppDelegate.swift */,
				01553B42234BCA550018CDF3 /* SceneDelegate.swift */,
			);
			path = App;
			sourceTree = "<group>";
		};
		01553B66234BCBA50018CDF3 /* Services */ = {
			isa = PBXGroup;
			children = (
				011A8FA023DDE2FA00C83627 /* APIService */,
			);
			path = Services;
			sourceTree = "<group>";
		};
		01553B69234BCC960018CDF3 /* Entities */ = {
			isa = PBXGroup;
			children = (
				01553B6A234BCCA10018CDF3 /* Movie.swift */,
				01433EBE240D99B80003FA6E /* TVShow.swift */,
				01751D652424EDB500B04BF4 /* Genre.swift */,
				019F49BD24696CF800040EB9 /* Episode.swift */,
				019F49BF24696E0100040EB9 /* TVSeason.swift */,
			);
			path = Entities;
			sourceTree = "<group>";
		};
		016122AB234E024F00AEF6E9 /* Extensions */ = {
			isa = PBXGroup;
			children = (
				01D00F84241E5F31007EA0B9 /* Color.swift */,
			);
			path = Extensions;
			sourceTree = "<group>";
		};
		016215B2246EB75E0037B205 /* TVShows */ = {
			isa = PBXGroup;
			children = (
				019F49C5246B2F7800040EB9 /* HomeTVShowsViewModel.swift */,
				01433ED5240E80A90003FA6E /* HorizontalTVShowsListViewModel.swift */,
				019F49C12469EC9C00040EB9 /* TVSeasonListViewModel.swift */,
				01751D672424F16000B04BF4 /* TVShowDetailsViewModel.swift */,
			);
			path = TVShows;
			sourceTree = "<group>";
		};
		016215B3246EB7700037B205 /* Movies */ = {
			isa = PBXGroup;
			children = (
				016215B4246EB78C0037B205 /* HomeMoviesViewModel.swift */,
				018401AF241D22D600EBAB3A /* HorizontalMoviesListViewModel.swift */,
				016215B9246EBAD70037B205 /* MovieDetailsViewModel.swift */,
			);
			path = Movies;
			sourceTree = "<group>";
		};
		016215B6246EBA920037B205 /* MovieDetails */ = {
			isa = PBXGroup;
			children = (
				016215B7246EBAB60037B205 /* MovieDetails.swift */,
			);
			path = MovieDetails;
			sourceTree = "<group>";
		};
		01751D59242397E500B04BF4 /* TVShowDetails */ = {
			isa = PBXGroup;
			children = (
				01751D5A242397FF00B04BF4 /* TVShowDetails.swift */,
				019F49C32469F00E00040EB9 /* TVSeasonListView.swift */,
			);
			path = TVShowDetails;
			sourceTree = "<group>";
		};
		01751D5E24242B5500B04BF4 /* HomeTVShows */ = {
			isa = PBXGroup;
			children = (
				01475897241BA8E60066864D /* HomeTVShowsView.swift */,
			);
			path = HomeTVShows;
			sourceTree = "<group>";
		};
		01751D5F24242B8A00B04BF4 /* TVShowCell */ = {
			isa = PBXGroup;
			children = (
				018401B1241D2F3100EBAB3A /* TVShowCell.swift */,
				01751D5C2423992A00B04BF4 /* TVShowPosterImage.swift */,
			);
			path = TVShowCell;
			sourceTree = "<group>";
		};
		01751D6024242BA400B04BF4 /* MovieCell */ = {
			isa = PBXGroup;
			children = (
				01751D6324242C7500B04BF4 /* MovieCell.swift */,
				01751D6124242BDD00B04BF4 /* MoviePosterImage.swift */,
			);
			path = MovieCell;
			sourceTree = "<group>";
		};
		017A77EE246EB6C3008BC215 /* HomeMovies */ = {
			isa = PBXGroup;
			children = (
				01433ED3240DB0CC0003FA6E /* HomeMoviesView.swift */,
			);
			path = HomeMovies;
			sourceTree = "<group>";
		};
		018B00BA246C8764004ED73A /* Generated */ = {
			isa = PBXGroup;
			children = (
				01581666246C883200E36AB9 /* Strings.swift */,
			);
			path = Generated;
			sourceTree = "<group>";
		};
		01A1F9F82374A97800E734E6 /* Views */ = {
			isa = PBXGroup;
			children = (
				017A77EE246EB6C3008BC215 /* HomeMovies */,
				01751D5E24242B5500B04BF4 /* HomeTVShows */,
				016215B6246EBA920037B205 /* MovieDetails */,
				01751D59242397E500B04BF4 /* TVShowDetails */,
				01A1F9FC2374AACA00E734E6 /* Common */,
				01433ECD240DAB4E0003FA6E /* HomeView.swift */,
				01553B44234BCA550018CDF3 /* MainView.swift */,
				01433ECF240DAEA20003FA6E /* SearchView.swift */,
				015A7489246DACBB00147EB2 /* SplashscreenView.swift */,
			);
			path = Views;
			sourceTree = "<group>";
		};
		01A1F9FC2374AACA00E734E6 /* Common */ = {
			isa = PBXGroup;
			children = (
				01751D6024242BA400B04BF4 /* MovieCell */,
				01751D5F24242B8A00B04BF4 /* TVShowCell */,
				01433EE3240EF4FA0003FA6E /* AsyncImage.swift */,
				01433EE5240EF6020003FA6E /* ActivityIndicator.swift */,
				01433ED1240DB0BF0003FA6E /* HorizontalTVShowsListView.swift */,
				018401AD241D22B300EBAB3A /* HorizontalMoviesListView.swift */,
				015A7487246D65E200147EB2 /* ShimmerView.swift */,
			);
			path = Common;
			sourceTree = "<group>";
		};
		01C9C34D234D2C8100A4C70B /* View Models */ = {
			isa = PBXGroup;
			children = (
				016215B3246EB7700037B205 /* Movies */,
				016215B2246EB75E0037B205 /* TVShows */,
				019284D22353AF3C00CDC83B /* ImageLoaderViewModel.swift */,
			);
			path = "View Models";
			sourceTree = "<group>";
		};
		825604DA7F3C4CED346C1B6C /* Pods */ = {
			isa = PBXGroup;
			children = (
				FF1D2348CB4817935D3A681C /* Pods-Notflix.debug.xcconfig */,
				04D1D423CACC272B32A65875 /* Pods-Notflix.release.xcconfig */,
				CE156E70727DE641742543C5 /* Pods-NotflixTests.debug.xcconfig */,
				E2D249E0A4276D2291882587 /* Pods-NotflixTests.release.xcconfig */,
			);
			path = Pods;
			sourceTree = "<group>";
		};
		E090A631A716B097AD363D5F /* Frameworks */ = {
			isa = PBXGroup;
			children = (
				01433EA823FB2E290003FA6E /* CocoaLumberjack.framework */,
				7A6A8F8E21DD5F18BB5647A8 /* Pods_Notflix.framework */,
				0AF47E95927B7892C0B22166 /* Pods_NotflixTests.framework */,
			);
			name = Frameworks;
			sourceTree = "<group>";
		};
/* End PBXGroup section */

/* Begin PBXNativeTarget section */
		01553B3C234BCA550018CDF3 /* Notflix */ = {
			isa = PBXNativeTarget;
			buildConfigurationList = 01553B5C234BCA560018CDF3 /* Build configuration list for PBXNativeTarget "Notflix" */;
			buildPhases = (
				A78D4288AB4B3589C52D235C /* [CP] Check Pods Manifest.lock */,
				01052515241ED48A00BD35A7 /* SwiftGen */,
				01553B39234BCA550018CDF3 /* Sources */,
				01553B3A234BCA550018CDF3 /* Frameworks */,
				01553B3B234BCA550018CDF3 /* Resources */,
				9C7B66DEC732B77089AC4241 /* [CP] Embed Pods Frameworks */,
				019284D42353C64300CDC83B /* SwiftLint */,
				01433EAB23FB2E290003FA6E /* Embed Frameworks */,
			);
			buildRules = (
			);
			dependencies = (
			);
			name = Notflix;
			productName = Notflix;
			productReference = 01553B3D234BCA550018CDF3 /* Notflix.app */;
			productType = "com.apple.product-type.application";
		};
		01553B52234BCA560018CDF3 /* NotflixTests */ = {
			isa = PBXNativeTarget;
			buildConfigurationList = 01553B5F234BCA560018CDF3 /* Build configuration list for PBXNativeTarget "NotflixTests" */;
			buildPhases = (
				8C4B9D76FC73DB5312302A7A /* [CP] Check Pods Manifest.lock */,
				01553B4F234BCA560018CDF3 /* Sources */,
				01553B50234BCA560018CDF3 /* Frameworks */,
				01553B51234BCA560018CDF3 /* Resources */,
			);
			buildRules = (
			);
			dependencies = (
				01553B55234BCA560018CDF3 /* PBXTargetDependency */,
			);
			name = NotflixTests;
			productName = NotflixTests;
			productReference = 01553B53234BCA560018CDF3 /* NotflixTests.xctest */;
			productType = "com.apple.product-type.bundle.unit-test";
		};
/* End PBXNativeTarget section */

/* Begin PBXProject section */
		01553B35234BCA550018CDF3 /* Project object */ = {
			isa = PBXProject;
			attributes = {
				LastSwiftUpdateCheck = 1100;
				LastUpgradeCheck = 1100;
				ORGANIZATIONNAME = "Quentin Eude";
				TargetAttributes = {
					01553B3C234BCA550018CDF3 = {
						CreatedOnToolsVersion = 11.0;
					};
					01553B52234BCA560018CDF3 = {
						CreatedOnToolsVersion = 11.0;
						TestTargetID = 01553B3C234BCA550018CDF3;
					};
				};
			};
			buildConfigurationList = 01553B38234BCA550018CDF3 /* Build configuration list for PBXProject "Notflix" */;
			compatibilityVersion = "Xcode 9.3";
			developmentRegion = en;
			hasScannedForEncodings = 0;
			knownRegions = (
				en,
				Base,
			);
			mainGroup = 01553B34234BCA550018CDF3;
			productRefGroup = 01553B3E234BCA550018CDF3 /* Products */;
			projectDirPath = "";
			projectRoot = "";
			targets = (
				01553B3C234BCA550018CDF3 /* Notflix */,
				01553B52234BCA560018CDF3 /* NotflixTests */,
			);
		};
/* End PBXProject section */

/* Begin PBXResourcesBuildPhase section */
		01553B3B234BCA550018CDF3 /* Resources */ = {
			isa = PBXResourcesBuildPhase;
			buildActionMask = 2147483647;
			files = (
				01553B4A234BCA560018CDF3 /* Preview Assets.xcassets in Resources */,
				01D00F8D241EC869007EA0B9 /* Localizable.strings in Resources */,
				01553B47234BCA560018CDF3 /* Assets.xcassets in Resources */,
			);
			runOnlyForDeploymentPostprocessing = 0;
		};
		01553B51234BCA560018CDF3 /* Resources */ = {
			isa = PBXResourcesBuildPhase;
			buildActionMask = 2147483647;
			files = (
			);
			runOnlyForDeploymentPostprocessing = 0;
		};
/* End PBXResourcesBuildPhase section */

/* Begin PBXShellScriptBuildPhase section */
		01052515241ED48A00BD35A7 /* SwiftGen */ = {
			isa = PBXShellScriptBuildPhase;
			buildActionMask = 2147483647;
			files = (
			);
			inputFileListPaths = (
			);
			inputPaths = (
			);
			name = SwiftGen;
			outputFileListPaths = (
			);
			outputPaths = (
			);
			runOnlyForDeploymentPostprocessing = 0;
			shellPath = /bin/sh;
			shellScript = "Pods/SwiftGen/bin/swiftgen\n";
		};
		019284D42353C64300CDC83B /* SwiftLint */ = {
			isa = PBXShellScriptBuildPhase;
			buildActionMask = 2147483647;
			files = (
			);
			inputFileListPaths = (
			);
			inputPaths = (
			);
			name = SwiftLint;
			outputFileListPaths = (
			);
			outputPaths = (
			);
			runOnlyForDeploymentPostprocessing = 0;
			shellPath = /bin/sh;
			shellScript = "if which swiftlint >/dev/null; then\n  swiftlint\nelse\n  echo \"warning: SwiftLint not installed, download from https://github.com/realm/SwiftLint\"\nfi\n";
		};
		8C4B9D76FC73DB5312302A7A /* [CP] Check Pods Manifest.lock */ = {
			isa = PBXShellScriptBuildPhase;
			buildActionMask = 2147483647;
			files = (
			);
			inputFileListPaths = (
			);
			inputPaths = (
				"${PODS_PODFILE_DIR_PATH}/Podfile.lock",
				"${PODS_ROOT}/Manifest.lock",
			);
			name = "[CP] Check Pods Manifest.lock";
			outputFileListPaths = (
			);
			outputPaths = (
				"$(DERIVED_FILE_DIR)/Pods-NotflixTests-checkManifestLockResult.txt",
			);
			runOnlyForDeploymentPostprocessing = 0;
			shellPath = /bin/sh;
			shellScript = "diff \"${PODS_PODFILE_DIR_PATH}/Podfile.lock\" \"${PODS_ROOT}/Manifest.lock\" > /dev/null\nif [ $? != 0 ] ; then\n    # print error to STDERR\n    echo \"error: The sandbox is not in sync with the Podfile.lock. Run 'pod install' or update your CocoaPods installation.\" >&2\n    exit 1\nfi\n# This output is used by Xcode 'outputs' to avoid re-running this script phase.\necho \"SUCCESS\" > \"${SCRIPT_OUTPUT_FILE_0}\"\n";
			showEnvVarsInLog = 0;
		};
		9C7B66DEC732B77089AC4241 /* [CP] Embed Pods Frameworks */ = {
			isa = PBXShellScriptBuildPhase;
			buildActionMask = 2147483647;
			files = (
			);
			inputFileListPaths = (
				"${PODS_ROOT}/Target Support Files/Pods-Notflix/Pods-Notflix-frameworks-${CONFIGURATION}-input-files.xcfilelist",
			);
			name = "[CP] Embed Pods Frameworks";
			outputFileListPaths = (
				"${PODS_ROOT}/Target Support Files/Pods-Notflix/Pods-Notflix-frameworks-${CONFIGURATION}-output-files.xcfilelist",
			);
			runOnlyForDeploymentPostprocessing = 0;
			shellPath = /bin/sh;
			shellScript = "\"${PODS_ROOT}/Target Support Files/Pods-Notflix/Pods-Notflix-frameworks.sh\"\n";
			showEnvVarsInLog = 0;
		};
		A78D4288AB4B3589C52D235C /* [CP] Check Pods Manifest.lock */ = {
			isa = PBXShellScriptBuildPhase;
			buildActionMask = 2147483647;
			files = (
			);
			inputFileListPaths = (
			);
			inputPaths = (
				"${PODS_PODFILE_DIR_PATH}/Podfile.lock",
				"${PODS_ROOT}/Manifest.lock",
			);
			name = "[CP] Check Pods Manifest.lock";
			outputFileListPaths = (
			);
			outputPaths = (
				"$(DERIVED_FILE_DIR)/Pods-Notflix-checkManifestLockResult.txt",
			);
			runOnlyForDeploymentPostprocessing = 0;
			shellPath = /bin/sh;
			shellScript = "diff \"${PODS_PODFILE_DIR_PATH}/Podfile.lock\" \"${PODS_ROOT}/Manifest.lock\" > /dev/null\nif [ $? != 0 ] ; then\n    # print error to STDERR\n    echo \"error: The sandbox is not in sync with the Podfile.lock. Run 'pod install' or update your CocoaPods installation.\" >&2\n    exit 1\nfi\n# This output is used by Xcode 'outputs' to avoid re-running this script phase.\necho \"SUCCESS\" > \"${SCRIPT_OUTPUT_FILE_0}\"\n";
			showEnvVarsInLog = 0;
		};
/* End PBXShellScriptBuildPhase section */

/* Begin PBXSourcesBuildPhase section */
		01553B39234BCA550018CDF3 /* Sources */ = {
			isa = PBXSourcesBuildPhase;
			buildActionMask = 2147483647;
			files = (
				015A748A246DACBB00147EB2 /* SplashscreenView.swift in Sources */,
				01751D682424F16000B04BF4 /* TVShowDetailsViewModel.swift in Sources */,
				016215B5246EB78C0037B205 /* HomeMoviesViewModel.swift in Sources */,
				01433ECE240DAB4E0003FA6E /* HomeView.swift in Sources */,
				01553B41234BCA550018CDF3 /* AppDelegate.swift in Sources */,
				018401B2241D2F3100EBAB3A /* TVShowCell.swift in Sources */,
				01751D662424EDB500B04BF4 /* Genre.swift in Sources */,
				01553B43234BCA550018CDF3 /* SceneDelegate.swift in Sources */,
				011A8F8F23DDD36900C83627 /* APIRequest.swift in Sources */,
				01433EBF240D99B80003FA6E /* TVShow.swift in Sources */,
				018401AE241D22B300EBAB3A /* HorizontalMoviesListView.swift in Sources */,
				01475894241999120066864D /* APIEndpoints+Movies.swift in Sources */,
				01433ED6240E80A90003FA6E /* HorizontalTVShowsListViewModel.swift in Sources */,
				01433EEA240F00DF0003FA6E /* HTTPParameter.swift in Sources */,
				016215BA246EBAD70037B205 /* MovieDetailsViewModel.swift in Sources */,
				014758962419991E0066864D /* APIEndpoints+TVShows.swift in Sources */,
				019F49C22469EC9C00040EB9 /* TVSeasonListViewModel.swift in Sources */,
				019284D32353AF3C00CDC83B /* ImageLoaderViewModel.swift in Sources */,
				015A7488246D65E200147EB2 /* ShimmerView.swift in Sources */,
				01553B45234BCA550018CDF3 /* MainView.swift in Sources */,
				01751D6424242C7500B04BF4 /* MovieCell.swift in Sources */,
				019F49C6246B2F7900040EB9 /* HomeTVShowsViewModel.swift in Sources */,
				01433EE6240EF6020003FA6E /* ActivityIndicator.swift in Sources */,
				01433EE4240EF4FA0003FA6E /* AsyncImage.swift in Sources */,
				01751D6224242BDD00B04BF4 /* MoviePosterImage.swift in Sources */,
				019F49C024696E0100040EB9 /* TVSeason.swift in Sources */,
				01553B6B234BCCA10018CDF3 /* Movie.swift in Sources */,
				01D00F85241E5F31007EA0B9 /* Color.swift in Sources */,
				01581667246C883200E36AB9 /* Strings.swift in Sources */,
				01751D5B242397FF00B04BF4 /* TVShowDetails.swift in Sources */,
				016215B8246EBAB60037B205 /* MovieDetails.swift in Sources */,
				019F49BE24696CF800040EB9 /* Episode.swift in Sources */,
				011A8F9B23DDDE4900C83627 /* APIResponse.swift in Sources */,
				0147588E241991FE0066864D /* APIEndpoints.swift in Sources */,
				01433ED4240DB0CC0003FA6E /* HomeMoviesView.swift in Sources */,
				01751D5D2423992A00B04BF4 /* TVShowPosterImage.swift in Sources */,
				011A8F9F23DDE2D600C83627 /* APIError.swift in Sources */,
				01433ED0240DAEA20003FA6E /* SearchView.swift in Sources */,
				01475898241BA8E60066864D /* HomeTVShowsView.swift in Sources */,
				01433ED2240DB0BF0003FA6E /* HorizontalTVShowsListView.swift in Sources */,
				011A8F8D23DDD2BF00C83627 /* APIClient.swift in Sources */,
				018401B0241D22D600EBAB3A /* HorizontalMoviesListViewModel.swift in Sources */,
				019F49C42469F00E00040EB9 /* TVSeasonListView.swift in Sources */,
			);
			runOnlyForDeploymentPostprocessing = 0;
		};
		01553B4F234BCA560018CDF3 /* Sources */ = {
			isa = PBXSourcesBuildPhase;
			buildActionMask = 2147483647;
			files = (
				011A8F9923DDDD8400C83627 /* MoviesAPIServiceTests.swift in Sources */,
				01553B58234BCA560018CDF3 /* NotflixTests.swift in Sources */,
				01433EB823FC11590003FA6E /* MoviesFixtures.swift in Sources */,
				01433ECA240D9E300003FA6E /* TVShowsAPIServiceTests.swift in Sources */,
				01433ECC240D9FAE0003FA6E /* TVShowsFixtures.swift in Sources */,
			);
			runOnlyForDeploymentPostprocessing = 0;
		};
/* End PBXSourcesBuildPhase section */

/* Begin PBXTargetDependency section */
		01553B55234BCA560018CDF3 /* PBXTargetDependency */ = {
			isa = PBXTargetDependency;
			target = 01553B3C234BCA550018CDF3 /* Notflix */;
			targetProxy = 01553B54234BCA560018CDF3 /* PBXContainerItemProxy */;
		};
/* End PBXTargetDependency section */

/* Begin PBXVariantGroup section */
		01D00F8B241EC869007EA0B9 /* Localizable.strings */ = {
			isa = PBXVariantGroup;
			children = (
				01D00F8C241EC869007EA0B9 /* Base */,
			);
			name = Localizable.strings;
			sourceTree = "<group>";
		};
/* End PBXVariantGroup section */

/* Begin XCBuildConfiguration section */
		01553B5A234BCA560018CDF3 /* Debug */ = {
			isa = XCBuildConfiguration;
			buildSettings = {
				ALWAYS_SEARCH_USER_PATHS = NO;
				CLANG_ANALYZER_NONNULL = YES;
				CLANG_ANALYZER_NUMBER_OBJECT_CONVERSION = YES_AGGRESSIVE;
				CLANG_CXX_LANGUAGE_STANDARD = "gnu++14";
				CLANG_CXX_LIBRARY = "libc++";
				CLANG_ENABLE_MODULES = YES;
				CLANG_ENABLE_OBJC_ARC = YES;
				CLANG_ENABLE_OBJC_WEAK = YES;
				CLANG_WARN_BLOCK_CAPTURE_AUTORELEASING = YES;
				CLANG_WARN_BOOL_CONVERSION = YES;
				CLANG_WARN_COMMA = YES;
				CLANG_WARN_CONSTANT_CONVERSION = YES;
				CLANG_WARN_DEPRECATED_OBJC_IMPLEMENTATIONS = YES;
				CLANG_WARN_DIRECT_OBJC_ISA_USAGE = YES_ERROR;
				CLANG_WARN_DOCUMENTATION_COMMENTS = YES;
				CLANG_WARN_EMPTY_BODY = YES;
				CLANG_WARN_ENUM_CONVERSION = YES;
				CLANG_WARN_INFINITE_RECURSION = YES;
				CLANG_WARN_INT_CONVERSION = YES;
				CLANG_WARN_NON_LITERAL_NULL_CONVERSION = YES;
				CLANG_WARN_OBJC_IMPLICIT_RETAIN_SELF = YES;
				CLANG_WARN_OBJC_LITERAL_CONVERSION = YES;
				CLANG_WARN_OBJC_ROOT_CLASS = YES_ERROR;
				CLANG_WARN_RANGE_LOOP_ANALYSIS = YES;
				CLANG_WARN_STRICT_PROTOTYPES = YES;
				CLANG_WARN_SUSPICIOUS_MOVE = YES;
				CLANG_WARN_UNGUARDED_AVAILABILITY = YES_AGGRESSIVE;
				CLANG_WARN_UNREACHABLE_CODE = YES;
				CLANG_WARN__DUPLICATE_METHOD_MATCH = YES;
				COPY_PHASE_STRIP = NO;
				DEBUG_INFORMATION_FORMAT = dwarf;
				ENABLE_STRICT_OBJC_MSGSEND = YES;
				ENABLE_TESTABILITY = YES;
				GCC_C_LANGUAGE_STANDARD = gnu11;
				GCC_DYNAMIC_NO_PIC = NO;
				GCC_NO_COMMON_BLOCKS = YES;
				GCC_OPTIMIZATION_LEVEL = 0;
				GCC_PREPROCESSOR_DEFINITIONS = (
					"DEBUG=1",
					"$(inherited)",
				);
				GCC_WARN_64_TO_32_BIT_CONVERSION = YES;
				GCC_WARN_ABOUT_RETURN_TYPE = YES_ERROR;
				GCC_WARN_UNDECLARED_SELECTOR = YES;
				GCC_WARN_UNINITIALIZED_AUTOS = YES_AGGRESSIVE;
				GCC_WARN_UNUSED_FUNCTION = YES;
				GCC_WARN_UNUSED_VARIABLE = YES;
				IPHONEOS_DEPLOYMENT_TARGET = 13.0;
				MTL_ENABLE_DEBUG_INFO = INCLUDE_SOURCE;
				MTL_FAST_MATH = YES;
				ONLY_ACTIVE_ARCH = YES;
				SDKROOT = iphoneos;
				SWIFT_ACTIVE_COMPILATION_CONDITIONS = DEBUG;
				SWIFT_OPTIMIZATION_LEVEL = "-Onone";
			};
			name = Debug;
		};
		01553B5B234BCA560018CDF3 /* Release */ = {
			isa = XCBuildConfiguration;
			buildSettings = {
				ALWAYS_SEARCH_USER_PATHS = NO;
				CLANG_ANALYZER_NONNULL = YES;
				CLANG_ANALYZER_NUMBER_OBJECT_CONVERSION = YES_AGGRESSIVE;
				CLANG_CXX_LANGUAGE_STANDARD = "gnu++14";
				CLANG_CXX_LIBRARY = "libc++";
				CLANG_ENABLE_MODULES = YES;
				CLANG_ENABLE_OBJC_ARC = YES;
				CLANG_ENABLE_OBJC_WEAK = YES;
				CLANG_WARN_BLOCK_CAPTURE_AUTORELEASING = YES;
				CLANG_WARN_BOOL_CONVERSION = YES;
				CLANG_WARN_COMMA = YES;
				CLANG_WARN_CONSTANT_CONVERSION = YES;
				CLANG_WARN_DEPRECATED_OBJC_IMPLEMENTATIONS = YES;
				CLANG_WARN_DIRECT_OBJC_ISA_USAGE = YES_ERROR;
				CLANG_WARN_DOCUMENTATION_COMMENTS = YES;
				CLANG_WARN_EMPTY_BODY = YES;
				CLANG_WARN_ENUM_CONVERSION = YES;
				CLANG_WARN_INFINITE_RECURSION = YES;
				CLANG_WARN_INT_CONVERSION = YES;
				CLANG_WARN_NON_LITERAL_NULL_CONVERSION = YES;
				CLANG_WARN_OBJC_IMPLICIT_RETAIN_SELF = YES;
				CLANG_WARN_OBJC_LITERAL_CONVERSION = YES;
				CLANG_WARN_OBJC_ROOT_CLASS = YES_ERROR;
				CLANG_WARN_RANGE_LOOP_ANALYSIS = YES;
				CLANG_WARN_STRICT_PROTOTYPES = YES;
				CLANG_WARN_SUSPICIOUS_MOVE = YES;
				CLANG_WARN_UNGUARDED_AVAILABILITY = YES_AGGRESSIVE;
				CLANG_WARN_UNREACHABLE_CODE = YES;
				CLANG_WARN__DUPLICATE_METHOD_MATCH = YES;
				COPY_PHASE_STRIP = NO;
				DEBUG_INFORMATION_FORMAT = "dwarf-with-dsym";
				ENABLE_NS_ASSERTIONS = NO;
				ENABLE_STRICT_OBJC_MSGSEND = YES;
				GCC_C_LANGUAGE_STANDARD = gnu11;
				GCC_NO_COMMON_BLOCKS = YES;
				GCC_WARN_64_TO_32_BIT_CONVERSION = YES;
				GCC_WARN_ABOUT_RETURN_TYPE = YES_ERROR;
				GCC_WARN_UNDECLARED_SELECTOR = YES;
				GCC_WARN_UNINITIALIZED_AUTOS = YES_AGGRESSIVE;
				GCC_WARN_UNUSED_FUNCTION = YES;
				GCC_WARN_UNUSED_VARIABLE = YES;
				IPHONEOS_DEPLOYMENT_TARGET = 13.0;
				MTL_ENABLE_DEBUG_INFO = NO;
				MTL_FAST_MATH = YES;
				SDKROOT = iphoneos;
				SWIFT_COMPILATION_MODE = wholemodule;
				SWIFT_OPTIMIZATION_LEVEL = "-O";
				VALIDATE_PRODUCT = YES;
			};
			name = Release;
		};
		01553B5D234BCA560018CDF3 /* Debug */ = {
			isa = XCBuildConfiguration;
			baseConfigurationReference = FF1D2348CB4817935D3A681C /* Pods-Notflix.debug.xcconfig */;
			buildSettings = {
				ASSETCATALOG_COMPILER_APPICON_NAME = AppIcon;
				CODE_SIGN_IDENTITY = "Apple Development";
				CODE_SIGN_STYLE = Automatic;
				DEVELOPMENT_ASSET_PATHS = "\"Notflix/Preview Content\"";
				DEVELOPMENT_TEAM = 83Q998B277;
				ENABLE_PREVIEWS = YES;
				INFOPLIST_FILE = Notflix/Info.plist;
				LD_RUNPATH_SEARCH_PATHS = (
					"$(inherited)",
					"@executable_path/Frameworks",
				);
				PRODUCT_BUNDLE_IDENTIFIER = com.qeude.Notflix;
				PRODUCT_NAME = "$(TARGET_NAME)";
				PROVISIONING_PROFILE_SPECIFIER = "";
				SWIFT_VERSION = 5.0;
				TARGETED_DEVICE_FAMILY = 1;
			};
			name = Debug;
		};
		01553B5E234BCA560018CDF3 /* Release */ = {
			isa = XCBuildConfiguration;
			baseConfigurationReference = 04D1D423CACC272B32A65875 /* Pods-Notflix.release.xcconfig */;
			buildSettings = {
				ASSETCATALOG_COMPILER_APPICON_NAME = AppIcon;
				CODE_SIGN_IDENTITY = "Apple Development";
				CODE_SIGN_STYLE = Automatic;
				DEVELOPMENT_ASSET_PATHS = "\"Notflix/Preview Content\"";
				DEVELOPMENT_TEAM = 83Q998B277;
				ENABLE_PREVIEWS = YES;
				INFOPLIST_FILE = Notflix/Info.plist;
				LD_RUNPATH_SEARCH_PATHS = (
					"$(inherited)",
					"@executable_path/Frameworks",
				);
				PRODUCT_BUNDLE_IDENTIFIER = com.qeude.Notflix;
				PRODUCT_NAME = "$(TARGET_NAME)";
				PROVISIONING_PROFILE_SPECIFIER = "";
				SWIFT_VERSION = 5.0;
				TARGETED_DEVICE_FAMILY = 1;
			};
			name = Release;
		};
		01553B60234BCA560018CDF3 /* Debug */ = {
			isa = XCBuildConfiguration;
			baseConfigurationReference = CE156E70727DE641742543C5 /* Pods-NotflixTests.debug.xcconfig */;
			buildSettings = {
				ALWAYS_EMBED_SWIFT_STANDARD_LIBRARIES = YES;
				BUNDLE_LOADER = "$(TEST_HOST)";
				CODE_SIGN_STYLE = Automatic;
				INFOPLIST_FILE = NotflixTests/Info.plist;
				IPHONEOS_DEPLOYMENT_TARGET = 13.0;
				LD_RUNPATH_SEARCH_PATHS = (
					"$(inherited)",
					"@executable_path/Frameworks",
					"@loader_path/Frameworks",
				);
				PRODUCT_BUNDLE_IDENTIFIER = com.qeude.NotflixTests;
				PRODUCT_NAME = "$(TARGET_NAME)";
				SWIFT_VERSION = 5.0;
				TARGETED_DEVICE_FAMILY = "1,2";
				TEST_HOST = "$(BUILT_PRODUCTS_DIR)/Notflix.app/Notflix";
			};
			name = Debug;
		};
		01553B61234BCA560018CDF3 /* Release */ = {
			isa = XCBuildConfiguration;
			baseConfigurationReference = E2D249E0A4276D2291882587 /* Pods-NotflixTests.release.xcconfig */;
			buildSettings = {
				ALWAYS_EMBED_SWIFT_STANDARD_LIBRARIES = YES;
				BUNDLE_LOADER = "$(TEST_HOST)";
				CODE_SIGN_STYLE = Automatic;
				INFOPLIST_FILE = NotflixTests/Info.plist;
				IPHONEOS_DEPLOYMENT_TARGET = 13.0;
				LD_RUNPATH_SEARCH_PATHS = (
					"$(inherited)",
					"@executable_path/Frameworks",
					"@loader_path/Frameworks",
				);
				PRODUCT_BUNDLE_IDENTIFIER = com.qeude.NotflixTests;
				PRODUCT_NAME = "$(TARGET_NAME)";
				SWIFT_VERSION = 5.0;
				TARGETED_DEVICE_FAMILY = "1,2";
				TEST_HOST = "$(BUILT_PRODUCTS_DIR)/Notflix.app/Notflix";
			};
			name = Release;
		};
/* End XCBuildConfiguration section */

/* Begin XCConfigurationList section */
		01553B38234BCA550018CDF3 /* Build configuration list for PBXProject "Notflix" */ = {
			isa = XCConfigurationList;
			buildConfigurations = (
				01553B5A234BCA560018CDF3 /* Debug */,
				01553B5B234BCA560018CDF3 /* Release */,
			);
			defaultConfigurationIsVisible = 0;
			defaultConfigurationName = Release;
		};
		01553B5C234BCA560018CDF3 /* Build configuration list for PBXNativeTarget "Notflix" */ = {
			isa = XCConfigurationList;
			buildConfigurations = (
				01553B5D234BCA560018CDF3 /* Debug */,
				01553B5E234BCA560018CDF3 /* Release */,
			);
			defaultConfigurationIsVisible = 0;
			defaultConfigurationName = Release;
		};
		01553B5F234BCA560018CDF3 /* Build configuration list for PBXNativeTarget "NotflixTests" */ = {
			isa = XCConfigurationList;
			buildConfigurations = (
				01553B60234BCA560018CDF3 /* Debug */,
				01553B61234BCA560018CDF3 /* Release */,
			);
			defaultConfigurationIsVisible = 0;
			defaultConfigurationName = Release;
		};
/* End XCConfigurationList section */
	};
	rootObject = 01553B35234BCA550018CDF3 /* Project object */;
}
